
Microsoft Visual Studio Solution File, Format Version 12.00
# Visual Studio Version 16
VisualStudioVersion = 25.0.1706.8
MinimumVisualStudioVersion = 10.0.40219.1
Project("{FAE04EC0-301F-11D3-BF4B-00C04F79EFBC}") = "NET_Core_Web_API_Docker_Demo", "NET_Core_Web_API_Docker_Demo\NET_Core_Web_API_Docker_Demo.csproj", "{9733F6CD-7BC5-4EA0-A1F1-1F2224CAEBAE}"
EndProject
Global
	GlobalSection(SolutionConfigurationPlatforms) = preSolution
		Debug|Any CPU = Debug|Any CPU
		Release|Any CPU = Release|Any CPU
	EndGlobalSection
	GlobalSection(ProjectConfigurationPlatforms) = postSolution
		{9733F6CD-7BC5-4EA0-A1F1-1F2224CAEBAE}.Debug|Any CPU.ActiveCfg = Debug|Any CPU
		{9733F6CD-7BC5-4EA0-A1F1-1F2224CAEBAE}.Debug|Any CPU.Build.0 = Debug|Any CPU
		{9733F6CD-7BC5-4EA0-A1F1-1F2224CAEBAE}.Release|Any CPU.ActiveCfg = Release|Any CPU
		{9733F6CD-7BC5-4EA0-A1F1-1F2224CAEBAE}.Release|Any CPU.Build.0 = Release|Any CPU
	EndGlobalSection
	GlobalSection(SolutionProperties) = preSolution
		HideSolutionNode = FALSE
	EndGlobalSection
	GlobalSection(ExtensibilityGlobals) = postSolution
		SolutionGuid = {7A129809-681F-4358-8928-7D0024FED70F}
	EndGlobalSection
EndGlobal
